// !$*UTF8*$!
{
	archiveVersion = 1;
	classes = {
	};
	objectVersion = 46;
	objects = {

/* Begin PBXBuildFile section */
		2E0FC2E41D388A4800A44A7B /* AppDelegate.swift in Sources */ = {isa = PBXBuildFile; fileRef = 2E0FC2E31D388A4800A44A7B /* AppDelegate.swift */; };
		2E0FC2E61D388A4800A44A7B /* ViewController.swift in Sources */ = {isa = PBXBuildFile; fileRef = 2E0FC2E51D388A4800A44A7B /* ViewController.swift */; };
		2E0FC2E91D388A4800A44A7B /* Main.storyboard in Resources */ = {isa = PBXBuildFile; fileRef = 2E0FC2E71D388A4800A44A7B /* Main.storyboard */; };
		2E0FC2EB1D388A4800A44A7B /* Assets.xcassets in Resources */ = {isa = PBXBuildFile; fileRef = 2E0FC2EA1D388A4800A44A7B /* Assets.xcassets */; };
		2E0FC2EE1D388A4800A44A7B /* LaunchScreen.storyboard in Resources */ = {isa = PBXBuildFile; fileRef = 2E0FC2EC1D388A4800A44A7B /* LaunchScreen.storyboard */; };
		2E0FC2F91D388A4800A44A7B /* CoordinatorTests.swift in Sources */ = {isa = PBXBuildFile; fileRef = 2E0FC2F81D388A4800A44A7B /* CoordinatorTests.swift */; };
		2E0FC3041D388A4800A44A7B /* CoordinatorUITests.swift in Sources */ = {isa = PBXBuildFile; fileRef = 2E0FC3031D388A4800A44A7B /* CoordinatorUITests.swift */; };
/* End PBXBuildFile section */

/* Begin PBXContainerItemProxy section */
		2E0FC2F51D388A4800A44A7B /* PBXContainerItemProxy */ = {
			isa = PBXContainerItemProxy;
			containerPortal = 2E0FC2D81D388A4800A44A7B /* Project object */;
			proxyType = 1;
			remoteGlobalIDString = 2E0FC2DF1D388A4800A44A7B;
			remoteInfo = Coordinator;
		};
		2E0FC3001D388A4800A44A7B /* PBXContainerItemProxy */ = {
			isa = PBXContainerItemProxy;
			containerPortal = 2E0FC2D81D388A4800A44A7B /* Project object */;
			proxyType = 1;
			remoteGlobalIDString = 2E0FC2DF1D388A4800A44A7B;
			remoteInfo = Coordinator;
		};
/* End PBXContainerItemProxy section */

/* Begin PBXFileReference section */
		2E0FC2E01D388A4800A44A7B /* Coordinator.app */ = {isa = PBXFileReference; explicitFileType = wrapper.application; includeInIndex = 0; path = Coordinator.app; sourceTree = BUILT_PRODUCTS_DIR; };
		2E0FC2E31D388A4800A44A7B /* AppDelegate.swift */ = {isa = PBXFileReference; lastKnownFileType = sourcecode.swift; path = AppDelegate.swift; sourceTree = "<group>"; };
		2E0FC2E51D388A4800A44A7B /* ViewController.swift */ = {isa = PBXFileReference; lastKnownFileType = sourcecode.swift; path = ViewController.swift; sourceTree = "<group>"; };
		2E0FC2E81D388A4800A44A7B /* Base */ = {isa = PBXFileReference; lastKnownFileType = file.storyboard; name = Base; path = Base.lproj/Main.storyboard; sourceTree = "<group>"; };
		2E0FC2EA1D388A4800A44A7B /* Assets.xcassets */ = {isa = PBXFileReference; lastKnownFileType = folder.assetcatalog; path = Assets.xcassets; sourceTree = "<group>"; };
		2E0FC2ED1D388A4800A44A7B /* Base */ = {isa = PBXFileReference; lastKnownFileType = file.storyboard; name = Base; path = Base.lproj/LaunchScreen.storyboard; sourceTree = "<group>"; };
		2E0FC2EF1D388A4800A44A7B /* Info.plist */ = {isa = PBXFileReference; lastKnownFileType = text.plist.xml; path = Info.plist; sourceTree = "<group>"; };
		2E0FC2F41D388A4800A44A7B /* CoordinatorTests.xctest */ = {isa = PBXFileReference; explicitFileType = wrapper.cfbundle; includeInIndex = 0; path = CoordinatorTests.xctest; sourceTree = BUILT_PRODUCTS_DIR; };
		2E0FC2F81D388A4800A44A7B /* CoordinatorTests.swift */ = {isa = PBXFileReference; lastKnownFileType = sourcecode.swift; path = CoordinatorTests.swift; sourceTree = "<group>"; };
		2E0FC2FA1D388A4800A44A7B /* Info.plist */ = {isa = PBXFileReference; lastKnownFileType = text.plist.xml; path = Info.plist; sourceTree = "<group>"; };
		2E0FC2FF1D388A4800A44A7B /* CoordinatorUITests.xctest */ = {isa = PBXFileReference; explicitFileType = wrapper.cfbundle; includeInIndex = 0; path = CoordinatorUITests.xctest; sourceTree = BUILT_PRODUCTS_DIR; };
		2E0FC3031D388A4800A44A7B /* CoordinatorUITests.swift */ = {isa = PBXFileReference; lastKnownFileType = sourcecode.swift; path = CoordinatorUITests.swift; sourceTree = "<group>"; };
		2E0FC3051D388A4800A44A7B /* Info.plist */ = {isa = PBXFileReference; lastKnownFileType = text.plist.xml; path = Info.plist; sourceTree = "<group>"; };
/* End PBXFileReference section */

/* Begin PBXFrameworksBuildPhase section */
		2E0FC2DD1D388A4800A44A7B /* Frameworks */ = {
			isa = PBXFrameworksBuildPhase;
			buildActionMask = 2147483647;
			files = (
			);
			runOnlyForDeploymentPostprocessing = 0;
		};
		2E0FC2F11D388A4800A44A7B /* Frameworks */ = {
			isa = PBXFrameworksBuildPhase;
			buildActionMask = 2147483647;
			files = (
			);
			runOnlyForDeploymentPostprocessing = 0;
		};
		2E0FC2FC1D388A4800A44A7B /* Frameworks */ = {
			isa = PBXFrameworksBuildPhase;
			buildActionMask = 2147483647;
			files = (
			);
			runOnlyForDeploymentPostprocessing = 0;
		};
/* End PBXFrameworksBuildPhase section */

/* Begin PBXGroup section */
		2E0FC2D71D388A4800A44A7B = {
			isa = PBXGroup;
			children = (
				2E0FC2E21D388A4800A44A7B /* Coordinator */,
				2E0FC2F71D388A4800A44A7B /* CoordinatorTests */,
				2E0FC3021D388A4800A44A7B /* CoordinatorUITests */,
				2E0FC2E11D388A4800A44A7B /* Products */,
			);
			sourceTree = "<group>";
		};
		2E0FC2E11D388A4800A44A7B /* Products */ = {
			isa = PBXGroup;
			children = (
				2E0FC2E01D388A4800A44A7B /* Coordinator.app */,
				2E0FC2F41D388A4800A44A7B /* CoordinatorTests.xctest */,
				2E0FC2FF1D388A4800A44A7B /* CoordinatorUITests.xctest */,
			);
			name = Products;
			sourceTree = "<group>";
		};
		2E0FC2E21D388A4800A44A7B /* Coordinator */ = {
			isa = PBXGroup;
			children = (
				2E0FC2E31D388A4800A44A7B /* AppDelegate.swift */,
				2E0FC2E51D388A4800A44A7B /* ViewController.swift */,
				2E0FC2E71D388A4800A44A7B /* Main.storyboard */,
				2E0FC2EA1D388A4800A44A7B /* Assets.xcassets */,
				2E0FC2EC1D388A4800A44A7B /* LaunchScreen.storyboard */,
				2E0FC2EF1D388A4800A44A7B /* Info.plist */,
			);
			path = Coordinator;
			sourceTree = "<group>";
		};
		2E0FC2F71D388A4800A44A7B /* CoordinatorTests */ = {
			isa = PBXGroup;
			children = (
				2E0FC2F81D388A4800A44A7B /* CoordinatorTests.swift */,
				2E0FC2FA1D388A4800A44A7B /* Info.plist */,
			);
			path = CoordinatorTests;
			sourceTree = "<group>";
		};
		2E0FC3021D388A4800A44A7B /* CoordinatorUITests */ = {
			isa = PBXGroup;
			children = (
				2E0FC3031D388A4800A44A7B /* CoordinatorUITests.swift */,
				2E0FC3051D388A4800A44A7B /* Info.plist */,
			);
			path = CoordinatorUITests;
			sourceTree = "<group>";
		};
/* End PBXGroup section */

/* Begin PBXNativeTarget section */
		2E0FC2DF1D388A4800A44A7B /* Coordinator */ = {
			isa = PBXNativeTarget;
			buildConfigurationList = 2E0FC3081D388A4800A44A7B /* Build configuration list for PBXNativeTarget "Coordinator" */;
			buildPhases = (
				2E0FC2DC1D388A4800A44A7B /* Sources */,
				2E0FC2DD1D388A4800A44A7B /* Frameworks */,
				2E0FC2DE1D388A4800A44A7B /* Resources */,
			);
			buildRules = (
			);
			dependencies = (
			);
			name = Coordinator;
			productName = Coordinator;
			productReference = 2E0FC2E01D388A4800A44A7B /* Coordinator.app */;
			productType = "com.apple.product-type.application";
		};
		2E0FC2F31D388A4800A44A7B /* CoordinatorTests */ = {
			isa = PBXNativeTarget;
			buildConfigurationList = 2E0FC30B1D388A4800A44A7B /* Build configuration list for PBXNativeTarget "CoordinatorTests" */;
			buildPhases = (
				2E0FC2F01D388A4800A44A7B /* Sources */,
				2E0FC2F11D388A4800A44A7B /* Frameworks */,
				2E0FC2F21D388A4800A44A7B /* Resources */,
			);
			buildRules = (
			);
			dependencies = (
				2E0FC2F61D388A4800A44A7B /* PBXTargetDependency */,
			);
			name = CoordinatorTests;
			productName = CoordinatorTests;
			productReference = 2E0FC2F41D388A4800A44A7B /* CoordinatorTests.xctest */;
			productType = "com.apple.product-type.bundle.unit-test";
		};
		2E0FC2FE1D388A4800A44A7B /* CoordinatorUITests */ = {
			isa = PBXNativeTarget;
			buildConfigurationList = 2E0FC30E1D388A4800A44A7B /* Build configuration list for PBXNativeTarget "CoordinatorUITests" */;
			buildPhases = (
				2E0FC2FB1D388A4800A44A7B /* Sources */,
				2E0FC2FC1D388A4800A44A7B /* Frameworks */,
				2E0FC2FD1D388A4800A44A7B /* Resources */,
			);
			buildRules = (
			);
			dependencies = (
				2E0FC3011D388A4800A44A7B /* PBXTargetDependency */,
			);
			name = CoordinatorUITests;
			productName = CoordinatorUITests;
			productReference = 2E0FC2FF1D388A4800A44A7B /* CoordinatorUITests.xctest */;
			productType = "com.apple.product-type.bundle.ui-testing";
		};
/* End PBXNativeTarget section */

/* Begin PBXProject section */
		2E0FC2D81D388A4800A44A7B /* Project object */ = {
			isa = PBXProject;
			attributes = {
				LastSwiftUpdateCheck = 0730;
				LastUpgradeCheck = 0730;
				ORGANIZATIONNAME = "Morgan Wilde";
				TargetAttributes = {
					2E0FC2DF1D388A4800A44A7B = {
						CreatedOnToolsVersion = 7.3;
					};
					2E0FC2F31D388A4800A44A7B = {
						CreatedOnToolsVersion = 7.3;
						TestTargetID = 2E0FC2DF1D388A4800A44A7B;
					};
					2E0FC2FE1D388A4800A44A7B = {
						CreatedOnToolsVersion = 7.3;
						TestTargetID = 2E0FC2DF1D388A4800A44A7B;
					};
				};
			};
			buildConfigurationList = 2E0FC2DB1D388A4800A44A7B /* Build configuration list for PBXProject "Coordinator" */;
			compatibilityVersion = "Xcode 3.2";
			developmentRegion = English;
			hasScannedForEncodings = 0;
			knownRegions = (
				en,
				Base,
			);
			mainGroup = 2E0FC2D71D388A4800A44A7B;
			productRefGroup = 2E0FC2E11D388A4800A44A7B /* Products */;
			projectDirPath = "";
			projectRoot = "";
			targets = (
				2E0FC2DF1D388A4800A44A7B /* Coordinator */,
				2E0FC2F31D388A4800A44A7B /* CoordinatorTests */,
				2E0FC2FE1D388A4800A44A7B /* CoordinatorUITests */,
			);
		};
/* End PBXProject section */

/* Begin PBXResourcesBuildPhase section */
		2E0FC2DE1D388A4800A44A7B /* Resources */ = {
			isa = PBXResourcesBuildPhase;
			buildActionMask = 2147483647;
			files = (
				2E0FC2EE1D388A4800A44A7B /* LaunchScreen.storyboard in Resources */,
				2E0FC2EB1D388A4800A44A7B /* Assets.xcassets in Resources */,
				2E0FC2E91D388A4800A44A7B /* Main.storyboard in Resources */,
			);
			runOnlyForDeploymentPostprocessing = 0;
		};
		2E0FC2F21D388A4800A44A7B /* Resources */ = {
			isa = PBXResourcesBuildPhase;
			buildActionMask = 2147483647;
			files = (
			);
			runOnlyForDeploymentPostprocessing = 0;
		};
		2E0FC2FD1D388A4800A44A7B /* Resources */ = {
			isa = PBXResourcesBuildPhase;
			buildActionMask = 2147483647;
			files = (
			);
			runOnlyForDeploymentPostprocessing = 0;
		};
/* End PBXResourcesBuildPhase section */

/* Begin PBXSourcesBuildPhase section */
		2E0FC2DC1D388A4800A44A7B /* Sources */ = {
			isa = PBXSourcesBuildPhase;
			buildActionMask = 2147483647;
			files = (
				2E0FC2E61D388A4800A44A7B /* ViewController.swift in Sources */,
				2E0FC2E41D388A4800A44A7B /* AppDelegate.swift in Sources */,
			);
			runOnlyForDeploymentPostprocessing = 0;
		};
		2E0FC2F01D388A4800A44A7B /* Sources */ = {
			isa = PBXSourcesBuildPhase;
			buildActionMask = 2147483647;
			files = (
				2E0FC2F91D388A4800A44A7B /* CoordinatorTests.swift in Sources */,
			);
			runOnlyForDeploymentPostprocessing = 0;
		};
		2E0FC2FB1D388A4800A44A7B /* Sources */ = {
			isa = PBXSourcesBuildPhase;
			buildActionMask = 2147483647;
			files = (
				2E0FC3041D388A4800A44A7B /* CoordinatorUITests.swift in Sources */,
			);
			runOnlyForDeploymentPostprocessing = 0;
		};
/* End PBXSourcesBuildPhase section */

/* Begin PBXTargetDependency section */
		2E0FC2F61D388A4800A44A7B /* PBXTargetDependency */ = {
			isa = PBXTargetDependency;
			target = 2E0FC2DF1D388A4800A44A7B /* Coordinator */;
			targetProxy = 2E0FC2F51D388A4800A44A7B /* PBXContainerItemProxy */;
		};
		2E0FC3011D388A4800A44A7B /* PBXTargetDependency */ = {
			isa = PBXTargetDependency;
			target = 2E0FC2DF1D388A4800A44A7B /* Coordinator */;
			targetProxy = 2E0FC3001D388A4800A44A7B /* PBXContainerItemProxy */;
		};
/* End PBXTargetDependency section */

/* Begin PBXVariantGroup section */
		2E0FC2E71D388A4800A44A7B /* Main.storyboard */ = {
			isa = PBXVariantGroup;
			children = (
				2E0FC2E81D388A4800A44A7B /* Base */,
			);
			name = Main.storyboard;
			sourceTree = "<group>";
		};
		2E0FC2EC1D388A4800A44A7B /* LaunchScreen.storyboard */ = {
			isa = PBXVariantGroup;
			children = (
				2E0FC2ED1D388A4800A44A7B /* Base */,
			);
			name = LaunchScreen.storyboard;
			sourceTree = "<group>";
		};
/* End PBXVariantGroup section */

/* Begin XCBuildConfiguration section */
		2E0FC3061D388A4800A44A7B /* Debug */ = {
			isa = XCBuildConfiguration;
			buildSettings = {
				ALWAYS_SEARCH_USER_PATHS = NO;
				CLANG_ANALYZER_NONNULL = YES;
				CLANG_CXX_LANGUAGE_STANDARD = "gnu++0x";
				CLANG_CXX_LIBRARY = "libc++";
				CLANG_ENABLE_MODULES = YES;
				CLANG_ENABLE_OBJC_ARC = YES;
				CLANG_WARN_BOOL_CONVERSION = YES;
				CLANG_WARN_CONSTANT_CONVERSION = YES;
				CLANG_WARN_DIRECT_OBJC_ISA_USAGE = YES_ERROR;
				CLANG_WARN_EMPTY_BODY = YES;
				CLANG_WARN_ENUM_CONVERSION = YES;
				CLANG_WARN_INT_CONVERSION = YES;
				CLANG_WARN_OBJC_ROOT_CLASS = YES_ERROR;
				CLANG_WARN_UNREACHABLE_CODE = YES;
				CLANG_WARN__DUPLICATE_METHOD_MATCH = YES;
				"CODE_SIGN_IDENTITY[sdk=iphoneos*]" = "iPhone Developer";
				COPY_PHASE_STRIP = NO;
				DEBUG_INFORMATION_FORMAT = dwarf;
				ENABLE_STRICT_OBJC_MSGSEND = YES;
				ENABLE_TESTABILITY = YES;
				GCC_C_LANGUAGE_STANDARD = gnu99;
				GCC_DYNAMIC_NO_PIC = NO;
				GCC_NO_COMMON_BLOCKS = YES;
				GCC_OPTIMIZATION_LEVEL = 0;
				GCC_PREPROCESSOR_DEFINITIONS = (
					"DEBUG=1",
					"$(inherited)",
				);
				GCC_WARN_64_TO_32_BIT_CONVERSION = YES;
				GCC_WARN_ABOUT_RETURN_TYPE = YES_ERROR;
				GCC_WARN_UNDECLARED_SELECTOR = YES;
				GCC_WARN_UNINITIALIZED_AUTOS = YES_AGGRESSIVE;
				GCC_WARN_UNUSED_FUNCTION = YES;
				GCC_WARN_UNUSED_VARIABLE = YES;
				IPHONEOS_DEPLOYMENT_TARGET = 9.3;
				MTL_ENABLE_DEBUG_INFO = YES;
				ONLY_ACTIVE_ARCH = YES;
				SDKROOT = iphoneos;
				SWIFT_OPTIMIZATION_LEVEL = "-Onone";
			};
			name = Debug;
		};
		2E0FC3071D388A4800A44A7B /* Release */ = {
			isa = XCBuildConfiguration;
			buildSettings = {
				ALWAYS_SEARCH_USER_PATHS = NO;
				CLANG_ANALYZER_NONNULL = YES;
				CLANG_CXX_LANGUAGE_STANDARD = "gnu++0x";
				CLANG_CXX_LIBRARY = "libc++";
				CLANG_ENABLE_MODULES = YES;
				CLANG_ENABLE_OBJC_ARC = YES;
				CLANG_WARN_BOOL_CONVERSION = YES;
				CLANG_WARN_CONSTANT_CONVERSION = YES;
				CLANG_WARN_DIRECT_OBJC_ISA_USAGE = YES_ERROR;
				CLANG_WARN_EMPTY_BODY = YES;
				CLANG_WARN_ENUM_CONVERSION = YES;
				CLANG_WARN_INT_CONVERSION = YES;
				CLANG_WARN_OBJC_ROOT_CLASS = YES_ERROR;
				CLANG_WARN_UNREACHABLE_CODE = YES;
				CLANG_WARN__DUPLICATE_METHOD_MATCH = YES;
				"CODE_SIGN_IDENTITY[sdk=iphoneos*]" = "iPhone Developer";
				COPY_PHASE_STRIP = NO;
				DEBUG_INFORMATION_FORMAT = "dwarf-with-dsym";
				ENABLE_NS_ASSERTIONS = NO;
				ENABLE_STRICT_OBJC_MSGSEND = YES;
				GCC_C_LANGUAGE_STANDARD = gnu99;
				GCC_NO_COMMON_BLOCKS = YES;
				GCC_WARN_64_TO_32_BIT_CONVERSION = YES;
				GCC_WARN_ABOUT_RETURN_TYPE = YES_ERROR;
				GCC_WARN_UNDECLARED_SELECTOR = YES;
				GCC_WARN_UNINITIALIZED_AUTOS = YES_AGGRESSIVE;
				GCC_WARN_UNUSED_FUNCTION = YES;
				GCC_WARN_UNUSED_VARIABLE = YES;
				IPHONEOS_DEPLOYMENT_TARGET = 9.3;
				MTL_ENABLE_DEBUG_INFO = NO;
				SDKROOT = iphoneos;
				VALIDATE_PRODUCT = YES;
			};
			name = Release;
		};
		2E0FC3091D388A4800A44A7B /* Debug */ = {
			isa = XCBuildConfiguration;
			buildSettings = {
				ASSETCATALOG_COMPILER_APPICON_NAME = AppIcon;
				INFOPLIST_FILE = Coordinator/Info.plist;
				LD_RUNPATH_SEARCH_PATHS = "$(inherited) @executable_path/Frameworks";
				PRODUCT_BUNDLE_IDENTIFIER = MorganWilde.Coordinator;
				PRODUCT_NAME = "$(TARGET_NAME)";
			};
			name = Debug;
		};
		2E0FC30A1D388A4800A44A7B /* Release */ = {
			isa = XCBuildConfiguration;
			buildSettings = {
				ASSETCATALOG_COMPILER_APPICON_NAME = AppIcon;
				INFOPLIST_FILE = Coordinator/Info.plist;
				LD_RUNPATH_SEARCH_PATHS = "$(inherited) @executable_path/Frameworks";
				PRODUCT_BUNDLE_IDENTIFIER = MorganWilde.Coordinator;
				PRODUCT_NAME = "$(TARGET_NAME)";
			};
			name = Release;
		};
		2E0FC30C1D388A4800A44A7B /* Debug */ = {
			isa = XCBuildConfiguration;
			buildSettings = {
				BUNDLE_LOADER = "$(TEST_HOST)";
				INFOPLIST_FILE = CoordinatorTests/Info.plist;
				LD_RUNPATH_SEARCH_PATHS = "$(inherited) @executable_path/Frameworks @loader_path/Frameworks";
				PRODUCT_BUNDLE_IDENTIFIER = MorganWilde.CoordinatorTests;
				PRODUCT_NAME = "$(TARGET_NAME)";
				TEST_HOST = "$(BUILT_PRODUCTS_DIR)/Coordinator.app/Coordinator";
			};
			name = Debug;
		};
		2E0FC30D1D388A4800A44A7B /* Release */ = {
			isa = XCBuildConfiguration;
			buildSettings = {
				BUNDLE_LOADER = "$(TEST_HOST)";
				INFOPLIST_FILE = CoordinatorTests/Info.plist;
				LD_RUNPATH_SEARCH_PATHS = "$(inherited) @executable_path/Frameworks @loader_path/Frameworks";
				PRODUCT_BUNDLE_IDENTIFIER = MorganWilde.CoordinatorTests;
				PRODUCT_NAME = "$(TARGET_NAME)";
				TEST_HOST = "$(BUILT_PRODUCTS_DIR)/Coordinator.app/Coordinator";
			};
			name = Release;
		};
		2E0FC30F1D388A4800A44A7B /* Debug */ = {
			isa = XCBuildConfiguration;
			buildSettings = {
				INFOPLIST_FILE = CoordinatorUITests/Info.plist;
				LD_RUNPATH_SEARCH_PATHS = "$(inherited) @executable_path/Frameworks @loader_path/Frameworks";
				PRODUCT_BUNDLE_IDENTIFIER = MorganWilde.CoordinatorUITests;
				PRODUCT_NAME = "$(TARGET_NAME)";
				TEST_TARGET_NAME = Coordinator;
			};
			name = Debug;
		};
		2E0FC3101D388A4800A44A7B /* Release */ = {
			isa = XCBuildConfiguration;
			buildSettings = {
				INFOPLIST_FILE = CoordinatorUITests/Info.plist;
				LD_RUNPATH_SEARCH_PATHS = "$(inherited) @executable_path/Frameworks @loader_path/Frameworks";
				PRODUCT_BUNDLE_IDENTIFIER = MorganWilde.CoordinatorUITests;
				PRODUCT_NAME = "$(TARGET_NAME)";
				TEST_TARGET_NAME = Coordinator;
			};
			name = Release;
		};
/* End XCBuildConfiguration section */

/* Begin XCConfigurationList section */
		2E0FC2DB1D388A4800A44A7B /* Build configuration list for PBXProject "Coordinator" */ = {
			isa = XCConfigurationList;
			buildConfigurations = (
				2E0FC3061D388A4800A44A7B /* Debug */,
				2E0FC3071D388A4800A44A7B /* Release */,
			);
			defaultConfigurationIsVisible = 0;
			defaultConfigurationName = Release;
		};
		2E0FC3081D388A4800A44A7B /* Build configuration list for PBXNativeTarget "Coordinator" */ = {
			isa = XCConfigurationList;
			buildConfigurations = (
				2E0FC3091D388A4800A44A7B /* Debug */,
				2E0FC30A1D388A4800A44A7B /* Release */,
			);
			defaultConfigurationIsVisible = 0;
		};
		2E0FC30B1D388A4800A44A7B /* Build configuration list for PBXNativeTarget "CoordinatorTests" */ = {
			isa = XCConfigurationList;
			buildConfigurations = (
				2E0FC30C1D388A4800A44A7B /* Debug */,
				2E0FC30D1D388A4800A44A7B /* Release */,
			);
			defaultConfigurationIsVisible = 0;
		};
		2E0FC30E1D388A4800A44A7B /* Build configuration list for PBXNativeTarget "CoordinatorUITests" */ = {
			isa = XCConfigurationList;
			buildConfigurations = (
				2E0FC30F1D388A4800A44A7B /* Debug */,
				2E0FC3101D388A4800A44A7B /* Release */,
			);
			defaultConfigurationIsVisible = 0;
		};
/* End XCConfigurationList section */
	};
	rootObject = 2E0FC2D81D388A4800A44A7B /* Project object */;
}
